
Microsoft Visual Studio Solution File, Format Version 12.00
# Visual Studio 15
VisualStudioVersion = 15.0.26730.16
MinimumVisualStudioVersion = 10.0.40219.1
Project("{FAE04EC0-301F-11D3-BF4B-00C04F79EFBC}") = "ATM", "ATM\ATM.csproj", "{77C4F5B8-6D31-4E62-94AD-444AA5675CFD}"
EndProject
Project("{FAE04EC0-301F-11D3-BF4B-00C04F79EFBC}") = "ATM.Tests", "ATM.Tests\ATM.Tests.csproj", "{56370671-4E45-474E-99B9-0559B542242E}"
EndProject
Global
	GlobalSection(SolutionConfigurationPlatforms) = preSolution
		Debug|Any CPU = Debug|Any CPU
		Release|Any CPU = Release|Any CPU
	EndGlobalSection
	GlobalSection(ProjectConfigurationPlatforms) = postSolution
		{77C4F5B8-6D31-4E62-94AD-444AA5675CFD}.Debug|Any CPU.ActiveCfg = Debug|Any CPU
		{77C4F5B8-6D31-4E62-94AD-444AA5675CFD}.Debug|Any CPU.Build.0 = Debug|Any CPU
		{77C4F5B8-6D31-4E62-94AD-444AA5675CFD}.Release|Any CPU.ActiveCfg = Release|Any CPU
		{77C4F5B8-6D31-4E62-94AD-444AA5675CFD}.Release|Any CPU.Build.0 = Release|Any CPU
		{56370671-4E45-474E-99B9-0559B542242E}.Debug|Any CPU.ActiveCfg = Debug|Any CPU
		{56370671-4E45-474E-99B9-0559B542242E}.Debug|Any CPU.Build.0 = Debug|Any CPU
		{56370671-4E45-474E-99B9-0559B542242E}.Release|Any CPU.ActiveCfg = Release|Any CPU
		{56370671-4E45-474E-99B9-0559B542242E}.Release|Any CPU.Build.0 = Release|Any CPU
	EndGlobalSection
	GlobalSection(SolutionProperties) = preSolution
		HideSolutionNode = FALSE
	EndGlobalSection
	GlobalSection(ExtensibilityGlobals) = postSolution
		SolutionGuid = {E278988C-633B-4148-9F86-CDC6F997DDD5}
	EndGlobalSection
EndGlobal
