
Microsoft Visual Studio Solution File, Format Version 12.00
# Visual Studio 14
VisualStudioVersion = 14.0.25420.1
MinimumVisualStudioVersion = 10.0.40219.1
Project("{FAE04EC0-301F-11D3-BF4B-00C04F79EFBC}") = "init", "init\init.csproj", "{9A7F0889-9D76-4190-AD04-01ED6DFC5364}"
EndProject
Project("{FAE04EC0-301F-11D3-BF4B-00C04F79EFBC}") = "constReadonly", "constReadonly\constReadonly.csproj", "{1CF9F74D-E452-46F9-93A9-45C414B16400}"
EndProject
Project("{FAE04EC0-301F-11D3-BF4B-00C04F79EFBC}") = "methods", "methods\methods.csproj", "{4B5C1621-5B6D-427B-B6A9-E2F88C87EFDF}"
EndProject
Project("{FAE04EC0-301F-11D3-BF4B-00C04F79EFBC}") = "higindgFields", "higindgFields\higindgFields.csproj", "{EDAEBF83-12B8-49AB-9F5B-335EBFB4662F}"
EndProject
Project("{FAE04EC0-301F-11D3-BF4B-00C04F79EFBC}") = "VisibilityFieldsMethods", "VisibilityFieldsMethods\VisibilityFieldsMethods.csproj", "{9DBEE21F-27CE-4A84-AB7D-C035B130A05B}"
EndProject
Project("{FAE04EC0-301F-11D3-BF4B-00C04F79EFBC}") = "KidOtherAssembly", "KidOtherAssembly\KidOtherAssembly.csproj", "{E005A237-4A5A-4C6A-9C7F-F84B82BB338D}"
EndProject
Project("{FAE04EC0-301F-11D3-BF4B-00C04F79EFBC}") = "Constructors", "Constructors\Constructors.csproj", "{96103E04-1408-4171-B5DF-1917C7AC2EA5}"
EndProject
Project("{FAE04EC0-301F-11D3-BF4B-00C04F79EFBC}") = "ReusingConstructors", "reusing Constructors\ReusingConstructors.csproj", "{AFA58174-BB28-4A24-8D5E-E107D2D7F9C2}"
EndProject
Project("{FAE04EC0-301F-11D3-BF4B-00C04F79EFBC}") = "properties", "properties\properties.csproj", "{6B6C7CEB-A8A2-4553-85BD-A13E792DCA50}"
EndProject
Project("{FAE04EC0-301F-11D3-BF4B-00C04F79EFBC}") = "Static", "Static\Static.csproj", "{40099FBA-F476-44D7-8CEF-C00E0CE7876E}"
EndProject
Project("{FAE04EC0-301F-11D3-BF4B-00C04F79EFBC}") = "StaticConstructors", "StaticConstructors\StaticConstructors.csproj", "{C5C45206-781C-421A-9322-DCD4820CCA8F}"
EndProject
Project("{FAE04EC0-301F-11D3-BF4B-00C04F79EFBC}") = "Structures", "Structures\Structures.csproj", "{0C7FC8AE-39D7-4315-8B80-9245958B4647}"
EndProject
Project("{FAE04EC0-301F-11D3-BF4B-00C04F79EFBC}") = "Enumerations", "Enumerations\Enumerations.csproj", "{49176336-25EB-47D4-804C-E806156E9B16}"
EndProject
Project("{FAE04EC0-301F-11D3-BF4B-00C04F79EFBC}") = "InnerClasses", "InnerClasses\InnerClasses.csproj", "{A46C3452-11C4-4099-B62F-4F4A5568CD79}"
EndProject
Project("{FAE04EC0-301F-11D3-BF4B-00C04F79EFBC}") = "Generics", "Generics\Generics.csproj", "{132CA3E5-EB6F-467F-9BDB-46610DE724EF}"
EndProject
Project("{FAE04EC0-301F-11D3-BF4B-00C04F79EFBC}") = "ModifiedShelter", "ModifiedShelter\ModifiedShelter.csproj", "{9BF6BAF2-BC69-4DEA-9A3B-E3A7D6ECC0E0}"
EndProject
Global
	GlobalSection(SolutionConfigurationPlatforms) = preSolution
		Debug|Any CPU = Debug|Any CPU
		Release|Any CPU = Release|Any CPU
	EndGlobalSection
	GlobalSection(ProjectConfigurationPlatforms) = postSolution
		{9A7F0889-9D76-4190-AD04-01ED6DFC5364}.Debug|Any CPU.ActiveCfg = Debug|Any CPU
		{9A7F0889-9D76-4190-AD04-01ED6DFC5364}.Debug|Any CPU.Build.0 = Debug|Any CPU
		{9A7F0889-9D76-4190-AD04-01ED6DFC5364}.Release|Any CPU.ActiveCfg = Release|Any CPU
		{9A7F0889-9D76-4190-AD04-01ED6DFC5364}.Release|Any CPU.Build.0 = Release|Any CPU
		{1CF9F74D-E452-46F9-93A9-45C414B16400}.Debug|Any CPU.ActiveCfg = Debug|Any CPU
		{1CF9F74D-E452-46F9-93A9-45C414B16400}.Debug|Any CPU.Build.0 = Debug|Any CPU
		{1CF9F74D-E452-46F9-93A9-45C414B16400}.Release|Any CPU.ActiveCfg = Release|Any CPU
		{1CF9F74D-E452-46F9-93A9-45C414B16400}.Release|Any CPU.Build.0 = Release|Any CPU
		{4B5C1621-5B6D-427B-B6A9-E2F88C87EFDF}.Debug|Any CPU.ActiveCfg = Debug|Any CPU
		{4B5C1621-5B6D-427B-B6A9-E2F88C87EFDF}.Debug|Any CPU.Build.0 = Debug|Any CPU
		{4B5C1621-5B6D-427B-B6A9-E2F88C87EFDF}.Release|Any CPU.ActiveCfg = Release|Any CPU
		{4B5C1621-5B6D-427B-B6A9-E2F88C87EFDF}.Release|Any CPU.Build.0 = Release|Any CPU
		{EDAEBF83-12B8-49AB-9F5B-335EBFB4662F}.Debug|Any CPU.ActiveCfg = Debug|Any CPU
		{EDAEBF83-12B8-49AB-9F5B-335EBFB4662F}.Debug|Any CPU.Build.0 = Debug|Any CPU
		{EDAEBF83-12B8-49AB-9F5B-335EBFB4662F}.Release|Any CPU.ActiveCfg = Release|Any CPU
		{EDAEBF83-12B8-49AB-9F5B-335EBFB4662F}.Release|Any CPU.Build.0 = Release|Any CPU
		{9DBEE21F-27CE-4A84-AB7D-C035B130A05B}.Debug|Any CPU.ActiveCfg = Debug|Any CPU
		{9DBEE21F-27CE-4A84-AB7D-C035B130A05B}.Debug|Any CPU.Build.0 = Debug|Any CPU
		{9DBEE21F-27CE-4A84-AB7D-C035B130A05B}.Release|Any CPU.ActiveCfg = Release|Any CPU
		{9DBEE21F-27CE-4A84-AB7D-C035B130A05B}.Release|Any CPU.Build.0 = Release|Any CPU
		{E005A237-4A5A-4C6A-9C7F-F84B82BB338D}.Debug|Any CPU.ActiveCfg = Debug|Any CPU
		{E005A237-4A5A-4C6A-9C7F-F84B82BB338D}.Debug|Any CPU.Build.0 = Debug|Any CPU
		{E005A237-4A5A-4C6A-9C7F-F84B82BB338D}.Release|Any CPU.ActiveCfg = Release|Any CPU
		{E005A237-4A5A-4C6A-9C7F-F84B82BB338D}.Release|Any CPU.Build.0 = Release|Any CPU
		{96103E04-1408-4171-B5DF-1917C7AC2EA5}.Debug|Any CPU.ActiveCfg = Debug|Any CPU
		{96103E04-1408-4171-B5DF-1917C7AC2EA5}.Debug|Any CPU.Build.0 = Debug|Any CPU
		{96103E04-1408-4171-B5DF-1917C7AC2EA5}.Release|Any CPU.ActiveCfg = Release|Any CPU
		{96103E04-1408-4171-B5DF-1917C7AC2EA5}.Release|Any CPU.Build.0 = Release|Any CPU
		{AFA58174-BB28-4A24-8D5E-E107D2D7F9C2}.Debug|Any CPU.ActiveCfg = Debug|Any CPU
		{AFA58174-BB28-4A24-8D5E-E107D2D7F9C2}.Debug|Any CPU.Build.0 = Debug|Any CPU
		{AFA58174-BB28-4A24-8D5E-E107D2D7F9C2}.Release|Any CPU.ActiveCfg = Release|Any CPU
		{AFA58174-BB28-4A24-8D5E-E107D2D7F9C2}.Release|Any CPU.Build.0 = Release|Any CPU
		{6B6C7CEB-A8A2-4553-85BD-A13E792DCA50}.Debug|Any CPU.ActiveCfg = Debug|Any CPU
		{6B6C7CEB-A8A2-4553-85BD-A13E792DCA50}.Debug|Any CPU.Build.0 = Debug|Any CPU
		{6B6C7CEB-A8A2-4553-85BD-A13E792DCA50}.Release|Any CPU.ActiveCfg = Release|Any CPU
		{6B6C7CEB-A8A2-4553-85BD-A13E792DCA50}.Release|Any CPU.Build.0 = Release|Any CPU
		{40099FBA-F476-44D7-8CEF-C00E0CE7876E}.Debug|Any CPU.ActiveCfg = Debug|Any CPU
		{40099FBA-F476-44D7-8CEF-C00E0CE7876E}.Debug|Any CPU.Build.0 = Debug|Any CPU
		{40099FBA-F476-44D7-8CEF-C00E0CE7876E}.Release|Any CPU.ActiveCfg = Release|Any CPU
		{40099FBA-F476-44D7-8CEF-C00E0CE7876E}.Release|Any CPU.Build.0 = Release|Any CPU
		{C5C45206-781C-421A-9322-DCD4820CCA8F}.Debug|Any CPU.ActiveCfg = Debug|Any CPU
		{C5C45206-781C-421A-9322-DCD4820CCA8F}.Debug|Any CPU.Build.0 = Debug|Any CPU
		{C5C45206-781C-421A-9322-DCD4820CCA8F}.Release|Any CPU.ActiveCfg = Release|Any CPU
		{C5C45206-781C-421A-9322-DCD4820CCA8F}.Release|Any CPU.Build.0 = Release|Any CPU
		{0C7FC8AE-39D7-4315-8B80-9245958B4647}.Debug|Any CPU.ActiveCfg = Debug|Any CPU
		{0C7FC8AE-39D7-4315-8B80-9245958B4647}.Debug|Any CPU.Build.0 = Debug|Any CPU
		{0C7FC8AE-39D7-4315-8B80-9245958B4647}.Release|Any CPU.ActiveCfg = Release|Any CPU
		{0C7FC8AE-39D7-4315-8B80-9245958B4647}.Release|Any CPU.Build.0 = Release|Any CPU
		{49176336-25EB-47D4-804C-E806156E9B16}.Debug|Any CPU.ActiveCfg = Debug|Any CPU
		{49176336-25EB-47D4-804C-E806156E9B16}.Debug|Any CPU.Build.0 = Debug|Any CPU
		{49176336-25EB-47D4-804C-E806156E9B16}.Release|Any CPU.ActiveCfg = Release|Any CPU
		{49176336-25EB-47D4-804C-E806156E9B16}.Release|Any CPU.Build.0 = Release|Any CPU
		{A46C3452-11C4-4099-B62F-4F4A5568CD79}.Debug|Any CPU.ActiveCfg = Debug|Any CPU
		{A46C3452-11C4-4099-B62F-4F4A5568CD79}.Debug|Any CPU.Build.0 = Debug|Any CPU
		{A46C3452-11C4-4099-B62F-4F4A5568CD79}.Release|Any CPU.ActiveCfg = Release|Any CPU
		{A46C3452-11C4-4099-B62F-4F4A5568CD79}.Release|Any CPU.Build.0 = Release|Any CPU
		{132CA3E5-EB6F-467F-9BDB-46610DE724EF}.Debug|Any CPU.ActiveCfg = Debug|Any CPU
		{132CA3E5-EB6F-467F-9BDB-46610DE724EF}.Debug|Any CPU.Build.0 = Debug|Any CPU
		{132CA3E5-EB6F-467F-9BDB-46610DE724EF}.Release|Any CPU.ActiveCfg = Release|Any CPU
		{132CA3E5-EB6F-467F-9BDB-46610DE724EF}.Release|Any CPU.Build.0 = Release|Any CPU
		{9BF6BAF2-BC69-4DEA-9A3B-E3A7D6ECC0E0}.Debug|Any CPU.ActiveCfg = Debug|Any CPU
		{9BF6BAF2-BC69-4DEA-9A3B-E3A7D6ECC0E0}.Debug|Any CPU.Build.0 = Debug|Any CPU
		{9BF6BAF2-BC69-4DEA-9A3B-E3A7D6ECC0E0}.Release|Any CPU.ActiveCfg = Release|Any CPU
		{9BF6BAF2-BC69-4DEA-9A3B-E3A7D6ECC0E0}.Release|Any CPU.Build.0 = Release|Any CPU
	EndGlobalSection
	GlobalSection(SolutionProperties) = preSolution
		HideSolutionNode = FALSE
	EndGlobalSection
EndGlobal
