
Microsoft Visual Studio Solution File, Format Version 12.00
# Visual Studio 14
VisualStudioVersion = 14.0.25420.1
MinimumVisualStudioVersion = 10.0.40219.1
Project("{FAE04EC0-301F-11D3-BF4B-00C04F79EFBC}") = "ProcessingXmlDom", "ProcessingXml\ProcessingXmlDom.csproj", "{8A05FDFF-8FAC-455C-AA49-E550487081E4}"
EndProject
Project("{FAE04EC0-301F-11D3-BF4B-00C04F79EFBC}") = "ProcessingXmlSAXStAX", "ProcessingXmlSAXStAX\ProcessingXmlSAXStAX.csproj", "{E9925740-BE1F-4626-9EC1-53E08C29F84B}"
EndProject
Project("{FAE04EC0-301F-11D3-BF4B-00C04F79EFBC}") = "WritingXmlStAxSax", "WritingXmlStAxSax\WritingXmlStAxSax.csproj", "{D132ACDD-1C24-40EC-AAD5-11F111573AE8}"
EndProject
Project("{FAE04EC0-301F-11D3-BF4B-00C04F79EFBC}") = "WorkingWithXPath", "WorkingWithXPath\WorkingWithXPath.csproj", "{61D06DA3-6C26-47BB-81ED-28D81557EA56}"
EndProject
Project("{FAE04EC0-301F-11D3-BF4B-00C04F79EFBC}") = "LinqToXml", "LinqToXml\LinqToXml.csproj", "{8E3ECEDF-E975-4447-89D9-4B308F840F8A}"
EndProject
Global
	GlobalSection(SolutionConfigurationPlatforms) = preSolution
		Debug|Any CPU = Debug|Any CPU
		Release|Any CPU = Release|Any CPU
	EndGlobalSection
	GlobalSection(ProjectConfigurationPlatforms) = postSolution
		{8A05FDFF-8FAC-455C-AA49-E550487081E4}.Debug|Any CPU.ActiveCfg = Debug|Any CPU
		{8A05FDFF-8FAC-455C-AA49-E550487081E4}.Debug|Any CPU.Build.0 = Debug|Any CPU
		{8A05FDFF-8FAC-455C-AA49-E550487081E4}.Release|Any CPU.ActiveCfg = Release|Any CPU
		{8A05FDFF-8FAC-455C-AA49-E550487081E4}.Release|Any CPU.Build.0 = Release|Any CPU
		{E9925740-BE1F-4626-9EC1-53E08C29F84B}.Debug|Any CPU.ActiveCfg = Debug|Any CPU
		{E9925740-BE1F-4626-9EC1-53E08C29F84B}.Debug|Any CPU.Build.0 = Debug|Any CPU
		{E9925740-BE1F-4626-9EC1-53E08C29F84B}.Release|Any CPU.ActiveCfg = Release|Any CPU
		{E9925740-BE1F-4626-9EC1-53E08C29F84B}.Release|Any CPU.Build.0 = Release|Any CPU
		{D132ACDD-1C24-40EC-AAD5-11F111573AE8}.Debug|Any CPU.ActiveCfg = Debug|Any CPU
		{D132ACDD-1C24-40EC-AAD5-11F111573AE8}.Debug|Any CPU.Build.0 = Debug|Any CPU
		{D132ACDD-1C24-40EC-AAD5-11F111573AE8}.Release|Any CPU.ActiveCfg = Release|Any CPU
		{D132ACDD-1C24-40EC-AAD5-11F111573AE8}.Release|Any CPU.Build.0 = Release|Any CPU
		{61D06DA3-6C26-47BB-81ED-28D81557EA56}.Debug|Any CPU.ActiveCfg = Debug|Any CPU
		{61D06DA3-6C26-47BB-81ED-28D81557EA56}.Debug|Any CPU.Build.0 = Debug|Any CPU
		{61D06DA3-6C26-47BB-81ED-28D81557EA56}.Release|Any CPU.ActiveCfg = Release|Any CPU
		{61D06DA3-6C26-47BB-81ED-28D81557EA56}.Release|Any CPU.Build.0 = Release|Any CPU
		{8E3ECEDF-E975-4447-89D9-4B308F840F8A}.Debug|Any CPU.ActiveCfg = Debug|Any CPU
		{8E3ECEDF-E975-4447-89D9-4B308F840F8A}.Debug|Any CPU.Build.0 = Debug|Any CPU
		{8E3ECEDF-E975-4447-89D9-4B308F840F8A}.Release|Any CPU.ActiveCfg = Release|Any CPU
		{8E3ECEDF-E975-4447-89D9-4B308F840F8A}.Release|Any CPU.Build.0 = Release|Any CPU
	EndGlobalSection
	GlobalSection(SolutionProperties) = preSolution
		HideSolutionNode = FALSE
	EndGlobalSection
EndGlobal
