
Microsoft Visual Studio Solution File, Format Version 12.00
# Visual Studio 14
VisualStudioVersion = 14.0.25420.1
MinimumVisualStudioVersion = 10.0.40219.1
Project("{FAE04EC0-301F-11D3-BF4B-00C04F79EFBC}") = "whileLoop", "followOne\whileLoop.csproj", "{24C43B4C-8DC4-46CD-A75A-246C73CE457D}"
EndProject
Project("{FAE04EC0-301F-11D3-BF4B-00C04F79EFBC}") = "doWhileLoop", "doWhileLoop\doWhileLoop.csproj", "{0D38A0D5-F22B-4E12-8D87-3CBAF272B105}"
EndProject
Project("{FAE04EC0-301F-11D3-BF4B-00C04F79EFBC}") = "forLoop", "forLook\forLoop.csproj", "{79D06D80-C37A-4AB7-BF6B-D01AA56265D3}"
EndProject
Project("{FAE04EC0-301F-11D3-BF4B-00C04F79EFBC}") = "forEachLoop", "forEachLoop\forEachLoop.csproj", "{EBCF6CB6-1A2C-4B8D-8975-61BF5BA4024C}"
EndProject
Project("{FAE04EC0-301F-11D3-BF4B-00C04F79EFBC}") = "examples", "examples\examples.csproj", "{1275B240-2434-4CD1-AB12-D5F99C981570}"
EndProject
Project("{FAE04EC0-301F-11D3-BF4B-00C04F79EFBC}") = "exOne", "exOne\exOne.csproj", "{FA011EA9-4844-4333-8A26-007F07F028B6}"
EndProject
Project("{FAE04EC0-301F-11D3-BF4B-00C04F79EFBC}") = "exTwo", "exTwo\exTwo.csproj", "{554AC3C3-BD5D-4D44-9F8E-D211C1D240D7}"
EndProject
Project("{FAE04EC0-301F-11D3-BF4B-00C04F79EFBC}") = "exThree", "exThree\exThree.csproj", "{0CD9CAB5-62A9-4201-B233-D55FAB844106}"
EndProject
Project("{FAE04EC0-301F-11D3-BF4B-00C04F79EFBC}") = "exFour", "exFour\exFour.csproj", "{3499853D-FC51-473B-926A-A3DC2EB90639}"
EndProject
Project("{FAE04EC0-301F-11D3-BF4B-00C04F79EFBC}") = "exFive", "exFive\exFive.csproj", "{7527AEC5-BEB3-4127-B758-73E665AEE92A}"
EndProject
Project("{FAE04EC0-301F-11D3-BF4B-00C04F79EFBC}") = "exSix", "exSix\exSix.csproj", "{212765CE-D96C-4BC5-B998-D2836B924DAF}"
EndProject
Project("{FAE04EC0-301F-11D3-BF4B-00C04F79EFBC}") = "exSeven", "exSeven\exSeven.csproj", "{3ABE9425-E1BC-42A8-83F2-02B3BE69A490}"
EndProject
Project("{FAE04EC0-301F-11D3-BF4B-00C04F79EFBC}") = "exEight", "exEight\exEight.csproj", "{16833A6E-A703-4547-B2B7-AF06BBB3D07F}"
EndProject
Project("{FAE04EC0-301F-11D3-BF4B-00C04F79EFBC}") = "exNine", "exNine\exNine.csproj", "{F4B7E9C1-9C3D-475E-9CDD-D5F5B6A90F88}"
EndProject
Project("{FAE04EC0-301F-11D3-BF4B-00C04F79EFBC}") = "exTen", "exTen\exTen.csproj", "{D34B18E6-14B3-4E9C-AFD5-B2293B335ACA}"
EndProject
Project("{FAE04EC0-301F-11D3-BF4B-00C04F79EFBC}") = "exEleven", "exEleven\exEleven.csproj", "{2A21EB1C-9FAE-4B5D-9FF0-C72CB9492F19}"
EndProject
Project("{FAE04EC0-301F-11D3-BF4B-00C04F79EFBC}") = "exTwelve", "exTwelve\exTwelve.csproj", "{8AC2A465-0965-4D0D-8A87-8019EDCA80D0}"
EndProject
Project("{FAE04EC0-301F-11D3-BF4B-00C04F79EFBC}") = "exThirteen", "exThirteen\exThirteen.csproj", "{CF4E1275-F6F0-40BC-9771-279B35AC3AF3}"
EndProject
Project("{FAE04EC0-301F-11D3-BF4B-00C04F79EFBC}") = "exFourteen", "exFourteen\exFourteen.csproj", "{B1F77CB0-65B2-4E43-A2AA-8505007F49BA}"
EndProject
Project("{FAE04EC0-301F-11D3-BF4B-00C04F79EFBC}") = "exFifteen", "exFifteen\exFifteen.csproj", "{4A5F460D-A182-4BEE-A3B6-E206465E4AAB}"
EndProject
Project("{FAE04EC0-301F-11D3-BF4B-00C04F79EFBC}") = "exSeventeen", "exSixteen\exSeventeen.csproj", "{40134858-36CE-4F55-8C07-A0E279B1B344}"
EndProject
Project("{FAE04EC0-301F-11D3-BF4B-00C04F79EFBC}") = "exeSixteen", "exeSixteen\exeSixteen.csproj", "{619D3625-33CA-4DA3-A277-71C8A855BC90}"
EndProject
Project("{FAE04EC0-301F-11D3-BF4B-00C04F79EFBC}") = "sixteen2", "sixteen2\sixteen2.csproj", "{DE4DBF2E-0E1F-4692-8D8E-6B517EBBB64B}"
EndProject
Project("{FAE04EC0-301F-11D3-BF4B-00C04F79EFBC}") = "exEighteen", "exEighteen\exEighteen.csproj", "{63180F92-4565-4457-9B8F-72691798C9A0}"
EndProject
Global
	GlobalSection(SolutionConfigurationPlatforms) = preSolution
		Debug|Any CPU = Debug|Any CPU
		Release|Any CPU = Release|Any CPU
	EndGlobalSection
	GlobalSection(ProjectConfigurationPlatforms) = postSolution
		{24C43B4C-8DC4-46CD-A75A-246C73CE457D}.Debug|Any CPU.ActiveCfg = Debug|Any CPU
		{24C43B4C-8DC4-46CD-A75A-246C73CE457D}.Debug|Any CPU.Build.0 = Debug|Any CPU
		{24C43B4C-8DC4-46CD-A75A-246C73CE457D}.Release|Any CPU.ActiveCfg = Release|Any CPU
		{24C43B4C-8DC4-46CD-A75A-246C73CE457D}.Release|Any CPU.Build.0 = Release|Any CPU
		{0D38A0D5-F22B-4E12-8D87-3CBAF272B105}.Debug|Any CPU.ActiveCfg = Debug|Any CPU
		{0D38A0D5-F22B-4E12-8D87-3CBAF272B105}.Debug|Any CPU.Build.0 = Debug|Any CPU
		{0D38A0D5-F22B-4E12-8D87-3CBAF272B105}.Release|Any CPU.ActiveCfg = Release|Any CPU
		{0D38A0D5-F22B-4E12-8D87-3CBAF272B105}.Release|Any CPU.Build.0 = Release|Any CPU
		{79D06D80-C37A-4AB7-BF6B-D01AA56265D3}.Debug|Any CPU.ActiveCfg = Debug|Any CPU
		{79D06D80-C37A-4AB7-BF6B-D01AA56265D3}.Debug|Any CPU.Build.0 = Debug|Any CPU
		{79D06D80-C37A-4AB7-BF6B-D01AA56265D3}.Release|Any CPU.ActiveCfg = Release|Any CPU
		{79D06D80-C37A-4AB7-BF6B-D01AA56265D3}.Release|Any CPU.Build.0 = Release|Any CPU
		{EBCF6CB6-1A2C-4B8D-8975-61BF5BA4024C}.Debug|Any CPU.ActiveCfg = Debug|Any CPU
		{EBCF6CB6-1A2C-4B8D-8975-61BF5BA4024C}.Debug|Any CPU.Build.0 = Debug|Any CPU
		{EBCF6CB6-1A2C-4B8D-8975-61BF5BA4024C}.Release|Any CPU.ActiveCfg = Release|Any CPU
		{EBCF6CB6-1A2C-4B8D-8975-61BF5BA4024C}.Release|Any CPU.Build.0 = Release|Any CPU
		{1275B240-2434-4CD1-AB12-D5F99C981570}.Debug|Any CPU.ActiveCfg = Debug|Any CPU
		{1275B240-2434-4CD1-AB12-D5F99C981570}.Debug|Any CPU.Build.0 = Debug|Any CPU
		{1275B240-2434-4CD1-AB12-D5F99C981570}.Release|Any CPU.ActiveCfg = Release|Any CPU
		{1275B240-2434-4CD1-AB12-D5F99C981570}.Release|Any CPU.Build.0 = Release|Any CPU
		{FA011EA9-4844-4333-8A26-007F07F028B6}.Debug|Any CPU.ActiveCfg = Debug|Any CPU
		{FA011EA9-4844-4333-8A26-007F07F028B6}.Debug|Any CPU.Build.0 = Debug|Any CPU
		{FA011EA9-4844-4333-8A26-007F07F028B6}.Release|Any CPU.ActiveCfg = Release|Any CPU
		{FA011EA9-4844-4333-8A26-007F07F028B6}.Release|Any CPU.Build.0 = Release|Any CPU
		{554AC3C3-BD5D-4D44-9F8E-D211C1D240D7}.Debug|Any CPU.ActiveCfg = Debug|Any CPU
		{554AC3C3-BD5D-4D44-9F8E-D211C1D240D7}.Debug|Any CPU.Build.0 = Debug|Any CPU
		{554AC3C3-BD5D-4D44-9F8E-D211C1D240D7}.Release|Any CPU.ActiveCfg = Release|Any CPU
		{554AC3C3-BD5D-4D44-9F8E-D211C1D240D7}.Release|Any CPU.Build.0 = Release|Any CPU
		{0CD9CAB5-62A9-4201-B233-D55FAB844106}.Debug|Any CPU.ActiveCfg = Debug|Any CPU
		{0CD9CAB5-62A9-4201-B233-D55FAB844106}.Debug|Any CPU.Build.0 = Debug|Any CPU
		{0CD9CAB5-62A9-4201-B233-D55FAB844106}.Release|Any CPU.ActiveCfg = Release|Any CPU
		{0CD9CAB5-62A9-4201-B233-D55FAB844106}.Release|Any CPU.Build.0 = Release|Any CPU
		{3499853D-FC51-473B-926A-A3DC2EB90639}.Debug|Any CPU.ActiveCfg = Debug|Any CPU
		{3499853D-FC51-473B-926A-A3DC2EB90639}.Debug|Any CPU.Build.0 = Debug|Any CPU
		{3499853D-FC51-473B-926A-A3DC2EB90639}.Release|Any CPU.ActiveCfg = Release|Any CPU
		{3499853D-FC51-473B-926A-A3DC2EB90639}.Release|Any CPU.Build.0 = Release|Any CPU
		{7527AEC5-BEB3-4127-B758-73E665AEE92A}.Debug|Any CPU.ActiveCfg = Debug|Any CPU
		{7527AEC5-BEB3-4127-B758-73E665AEE92A}.Debug|Any CPU.Build.0 = Debug|Any CPU
		{7527AEC5-BEB3-4127-B758-73E665AEE92A}.Release|Any CPU.ActiveCfg = Release|Any CPU
		{7527AEC5-BEB3-4127-B758-73E665AEE92A}.Release|Any CPU.Build.0 = Release|Any CPU
		{212765CE-D96C-4BC5-B998-D2836B924DAF}.Debug|Any CPU.ActiveCfg = Debug|Any CPU
		{212765CE-D96C-4BC5-B998-D2836B924DAF}.Debug|Any CPU.Build.0 = Debug|Any CPU
		{212765CE-D96C-4BC5-B998-D2836B924DAF}.Release|Any CPU.ActiveCfg = Release|Any CPU
		{212765CE-D96C-4BC5-B998-D2836B924DAF}.Release|Any CPU.Build.0 = Release|Any CPU
		{3ABE9425-E1BC-42A8-83F2-02B3BE69A490}.Debug|Any CPU.ActiveCfg = Debug|Any CPU
		{3ABE9425-E1BC-42A8-83F2-02B3BE69A490}.Debug|Any CPU.Build.0 = Debug|Any CPU
		{3ABE9425-E1BC-42A8-83F2-02B3BE69A490}.Release|Any CPU.ActiveCfg = Release|Any CPU
		{3ABE9425-E1BC-42A8-83F2-02B3BE69A490}.Release|Any CPU.Build.0 = Release|Any CPU
		{16833A6E-A703-4547-B2B7-AF06BBB3D07F}.Debug|Any CPU.ActiveCfg = Debug|Any CPU
		{16833A6E-A703-4547-B2B7-AF06BBB3D07F}.Debug|Any CPU.Build.0 = Debug|Any CPU
		{16833A6E-A703-4547-B2B7-AF06BBB3D07F}.Release|Any CPU.ActiveCfg = Release|Any CPU
		{16833A6E-A703-4547-B2B7-AF06BBB3D07F}.Release|Any CPU.Build.0 = Release|Any CPU
		{F4B7E9C1-9C3D-475E-9CDD-D5F5B6A90F88}.Debug|Any CPU.ActiveCfg = Debug|Any CPU
		{F4B7E9C1-9C3D-475E-9CDD-D5F5B6A90F88}.Debug|Any CPU.Build.0 = Debug|Any CPU
		{F4B7E9C1-9C3D-475E-9CDD-D5F5B6A90F88}.Release|Any CPU.ActiveCfg = Release|Any CPU
		{F4B7E9C1-9C3D-475E-9CDD-D5F5B6A90F88}.Release|Any CPU.Build.0 = Release|Any CPU
		{D34B18E6-14B3-4E9C-AFD5-B2293B335ACA}.Debug|Any CPU.ActiveCfg = Debug|Any CPU
		{D34B18E6-14B3-4E9C-AFD5-B2293B335ACA}.Debug|Any CPU.Build.0 = Debug|Any CPU
		{D34B18E6-14B3-4E9C-AFD5-B2293B335ACA}.Release|Any CPU.ActiveCfg = Release|Any CPU
		{D34B18E6-14B3-4E9C-AFD5-B2293B335ACA}.Release|Any CPU.Build.0 = Release|Any CPU
		{2A21EB1C-9FAE-4B5D-9FF0-C72CB9492F19}.Debug|Any CPU.ActiveCfg = Debug|Any CPU
		{2A21EB1C-9FAE-4B5D-9FF0-C72CB9492F19}.Debug|Any CPU.Build.0 = Debug|Any CPU
		{2A21EB1C-9FAE-4B5D-9FF0-C72CB9492F19}.Release|Any CPU.ActiveCfg = Release|Any CPU
		{2A21EB1C-9FAE-4B5D-9FF0-C72CB9492F19}.Release|Any CPU.Build.0 = Release|Any CPU
		{8AC2A465-0965-4D0D-8A87-8019EDCA80D0}.Debug|Any CPU.ActiveCfg = Debug|Any CPU
		{8AC2A465-0965-4D0D-8A87-8019EDCA80D0}.Debug|Any CPU.Build.0 = Debug|Any CPU
		{8AC2A465-0965-4D0D-8A87-8019EDCA80D0}.Release|Any CPU.ActiveCfg = Release|Any CPU
		{8AC2A465-0965-4D0D-8A87-8019EDCA80D0}.Release|Any CPU.Build.0 = Release|Any CPU
		{CF4E1275-F6F0-40BC-9771-279B35AC3AF3}.Debug|Any CPU.ActiveCfg = Debug|Any CPU
		{CF4E1275-F6F0-40BC-9771-279B35AC3AF3}.Debug|Any CPU.Build.0 = Debug|Any CPU
		{CF4E1275-F6F0-40BC-9771-279B35AC3AF3}.Release|Any CPU.ActiveCfg = Release|Any CPU
		{CF4E1275-F6F0-40BC-9771-279B35AC3AF3}.Release|Any CPU.Build.0 = Release|Any CPU
		{B1F77CB0-65B2-4E43-A2AA-8505007F49BA}.Debug|Any CPU.ActiveCfg = Debug|Any CPU
		{B1F77CB0-65B2-4E43-A2AA-8505007F49BA}.Debug|Any CPU.Build.0 = Debug|Any CPU
		{B1F77CB0-65B2-4E43-A2AA-8505007F49BA}.Release|Any CPU.ActiveCfg = Release|Any CPU
		{B1F77CB0-65B2-4E43-A2AA-8505007F49BA}.Release|Any CPU.Build.0 = Release|Any CPU
		{4A5F460D-A182-4BEE-A3B6-E206465E4AAB}.Debug|Any CPU.ActiveCfg = Debug|Any CPU
		{4A5F460D-A182-4BEE-A3B6-E206465E4AAB}.Debug|Any CPU.Build.0 = Debug|Any CPU
		{4A5F460D-A182-4BEE-A3B6-E206465E4AAB}.Release|Any CPU.ActiveCfg = Release|Any CPU
		{4A5F460D-A182-4BEE-A3B6-E206465E4AAB}.Release|Any CPU.Build.0 = Release|Any CPU
		{40134858-36CE-4F55-8C07-A0E279B1B344}.Debug|Any CPU.ActiveCfg = Debug|Any CPU
		{40134858-36CE-4F55-8C07-A0E279B1B344}.Debug|Any CPU.Build.0 = Debug|Any CPU
		{40134858-36CE-4F55-8C07-A0E279B1B344}.Release|Any CPU.ActiveCfg = Release|Any CPU
		{40134858-36CE-4F55-8C07-A0E279B1B344}.Release|Any CPU.Build.0 = Release|Any CPU
		{619D3625-33CA-4DA3-A277-71C8A855BC90}.Debug|Any CPU.ActiveCfg = Debug|Any CPU
		{619D3625-33CA-4DA3-A277-71C8A855BC90}.Debug|Any CPU.Build.0 = Debug|Any CPU
		{619D3625-33CA-4DA3-A277-71C8A855BC90}.Release|Any CPU.ActiveCfg = Release|Any CPU
		{619D3625-33CA-4DA3-A277-71C8A855BC90}.Release|Any CPU.Build.0 = Release|Any CPU
		{DE4DBF2E-0E1F-4692-8D8E-6B517EBBB64B}.Debug|Any CPU.ActiveCfg = Debug|Any CPU
		{DE4DBF2E-0E1F-4692-8D8E-6B517EBBB64B}.Debug|Any CPU.Build.0 = Debug|Any CPU
		{DE4DBF2E-0E1F-4692-8D8E-6B517EBBB64B}.Release|Any CPU.ActiveCfg = Release|Any CPU
		{DE4DBF2E-0E1F-4692-8D8E-6B517EBBB64B}.Release|Any CPU.Build.0 = Release|Any CPU
		{63180F92-4565-4457-9B8F-72691798C9A0}.Debug|Any CPU.ActiveCfg = Debug|Any CPU
		{63180F92-4565-4457-9B8F-72691798C9A0}.Debug|Any CPU.Build.0 = Debug|Any CPU
		{63180F92-4565-4457-9B8F-72691798C9A0}.Release|Any CPU.ActiveCfg = Release|Any CPU
		{63180F92-4565-4457-9B8F-72691798C9A0}.Release|Any CPU.Build.0 = Release|Any CPU
	EndGlobalSection
	GlobalSection(SolutionProperties) = preSolution
		HideSolutionNode = FALSE
	EndGlobalSection
EndGlobal
