
Microsoft Visual Studio Solution File, Format Version 12.00
# Visual Studio 14
VisualStudioVersion = 14.0.25420.1
MinimumVisualStudioVersion = 10.0.40219.1
Project("{FAE04EC0-301F-11D3-BF4B-00C04F79EFBC}") = "taskOne", "taskOne\taskOne.csproj", "{A88B3595-3DF7-4564-BC69-270A4620C47E}"
EndProject
Project("{FAE04EC0-301F-11D3-BF4B-00C04F79EFBC}") = "taskTwo", "taskTwo\taskTwo.csproj", "{3FD56862-E182-4B0C-9799-9B3FC1889A57}"
EndProject
Project("{FAE04EC0-301F-11D3-BF4B-00C04F79EFBC}") = "taskThree", "taskThree\taskThree.csproj", "{7A60137C-DA14-43CF-97F5-6ECF9F5E6711}"
EndProject
Project("{FAE04EC0-301F-11D3-BF4B-00C04F79EFBC}") = "taskFour", "taskFour\taskFour.csproj", "{802F7B7D-DA9B-4959-8C43-1ED5FFF8C31C}"
EndProject
Project("{FAE04EC0-301F-11D3-BF4B-00C04F79EFBC}") = "taskFive", "taskFive\taskFive.csproj", "{3530494A-4443-420E-BCA0-964E2668A1D7}"
EndProject
Project("{FAE04EC0-301F-11D3-BF4B-00C04F79EFBC}") = "taskSix", "taskSix\taskSix.csproj", "{B0F4FA8E-2AAB-4B28-B0E0-E1D0D4BC0EC9}"
EndProject
Project("{FAE04EC0-301F-11D3-BF4B-00C04F79EFBC}") = "taskSeven", "taskSeven\taskSeven.csproj", "{07161734-E5B1-43AD-9F7A-F4BC766E3721}"
EndProject
Project("{FAE04EC0-301F-11D3-BF4B-00C04F79EFBC}") = "taskEight", "taskEight\taskEight.csproj", "{438E0970-7455-4383-9550-98B91E513892}"
EndProject
Project("{FAE04EC0-301F-11D3-BF4B-00C04F79EFBC}") = "taskNine", "taskNine\taskNine.csproj", "{856CA4CD-2F79-4757-89AF-F7B84DA482D5}"
EndProject
Project("{FAE04EC0-301F-11D3-BF4B-00C04F79EFBC}") = "taskTen", "taskTen\taskTen.csproj", "{C4CD58AF-6B69-4C2C-9B0F-6180A294D1E1}"
EndProject
Project("{FAE04EC0-301F-11D3-BF4B-00C04F79EFBC}") = "taskEleven", "taskEleven\taskEleven.csproj", "{77603E39-3B55-490C-9F03-3573A03E4AA8}"
EndProject
Project("{FAE04EC0-301F-11D3-BF4B-00C04F79EFBC}") = "taskTwelve2", "taskTwelve2\taskTwelve2.csproj", "{6358624B-F091-4F39-B10A-F0022FE252C2}"
EndProject
Project("{FAE04EC0-301F-11D3-BF4B-00C04F79EFBC}") = "test", "test\test.csproj", "{EAEA22B0-40F3-4BCE-AB71-37E17142DD11}"
EndProject
Global
	GlobalSection(SolutionConfigurationPlatforms) = preSolution
		Debug|Any CPU = Debug|Any CPU
		Release|Any CPU = Release|Any CPU
	EndGlobalSection
	GlobalSection(ProjectConfigurationPlatforms) = postSolution
		{A88B3595-3DF7-4564-BC69-270A4620C47E}.Debug|Any CPU.ActiveCfg = Debug|Any CPU
		{A88B3595-3DF7-4564-BC69-270A4620C47E}.Debug|Any CPU.Build.0 = Debug|Any CPU
		{A88B3595-3DF7-4564-BC69-270A4620C47E}.Release|Any CPU.ActiveCfg = Release|Any CPU
		{A88B3595-3DF7-4564-BC69-270A4620C47E}.Release|Any CPU.Build.0 = Release|Any CPU
		{3FD56862-E182-4B0C-9799-9B3FC1889A57}.Debug|Any CPU.ActiveCfg = Debug|Any CPU
		{3FD56862-E182-4B0C-9799-9B3FC1889A57}.Debug|Any CPU.Build.0 = Debug|Any CPU
		{3FD56862-E182-4B0C-9799-9B3FC1889A57}.Release|Any CPU.ActiveCfg = Release|Any CPU
		{3FD56862-E182-4B0C-9799-9B3FC1889A57}.Release|Any CPU.Build.0 = Release|Any CPU
		{7A60137C-DA14-43CF-97F5-6ECF9F5E6711}.Debug|Any CPU.ActiveCfg = Debug|Any CPU
		{7A60137C-DA14-43CF-97F5-6ECF9F5E6711}.Debug|Any CPU.Build.0 = Debug|Any CPU
		{7A60137C-DA14-43CF-97F5-6ECF9F5E6711}.Release|Any CPU.ActiveCfg = Release|Any CPU
		{7A60137C-DA14-43CF-97F5-6ECF9F5E6711}.Release|Any CPU.Build.0 = Release|Any CPU
		{802F7B7D-DA9B-4959-8C43-1ED5FFF8C31C}.Debug|Any CPU.ActiveCfg = Debug|Any CPU
		{802F7B7D-DA9B-4959-8C43-1ED5FFF8C31C}.Debug|Any CPU.Build.0 = Debug|Any CPU
		{802F7B7D-DA9B-4959-8C43-1ED5FFF8C31C}.Release|Any CPU.ActiveCfg = Release|Any CPU
		{802F7B7D-DA9B-4959-8C43-1ED5FFF8C31C}.Release|Any CPU.Build.0 = Release|Any CPU
		{3530494A-4443-420E-BCA0-964E2668A1D7}.Debug|Any CPU.ActiveCfg = Debug|Any CPU
		{3530494A-4443-420E-BCA0-964E2668A1D7}.Debug|Any CPU.Build.0 = Debug|Any CPU
		{3530494A-4443-420E-BCA0-964E2668A1D7}.Release|Any CPU.ActiveCfg = Release|Any CPU
		{3530494A-4443-420E-BCA0-964E2668A1D7}.Release|Any CPU.Build.0 = Release|Any CPU
		{B0F4FA8E-2AAB-4B28-B0E0-E1D0D4BC0EC9}.Debug|Any CPU.ActiveCfg = Debug|Any CPU
		{B0F4FA8E-2AAB-4B28-B0E0-E1D0D4BC0EC9}.Debug|Any CPU.Build.0 = Debug|Any CPU
		{B0F4FA8E-2AAB-4B28-B0E0-E1D0D4BC0EC9}.Release|Any CPU.ActiveCfg = Release|Any CPU
		{B0F4FA8E-2AAB-4B28-B0E0-E1D0D4BC0EC9}.Release|Any CPU.Build.0 = Release|Any CPU
		{07161734-E5B1-43AD-9F7A-F4BC766E3721}.Debug|Any CPU.ActiveCfg = Debug|Any CPU
		{07161734-E5B1-43AD-9F7A-F4BC766E3721}.Debug|Any CPU.Build.0 = Debug|Any CPU
		{07161734-E5B1-43AD-9F7A-F4BC766E3721}.Release|Any CPU.ActiveCfg = Release|Any CPU
		{07161734-E5B1-43AD-9F7A-F4BC766E3721}.Release|Any CPU.Build.0 = Release|Any CPU
		{438E0970-7455-4383-9550-98B91E513892}.Debug|Any CPU.ActiveCfg = Debug|Any CPU
		{438E0970-7455-4383-9550-98B91E513892}.Debug|Any CPU.Build.0 = Debug|Any CPU
		{438E0970-7455-4383-9550-98B91E513892}.Release|Any CPU.ActiveCfg = Release|Any CPU
		{438E0970-7455-4383-9550-98B91E513892}.Release|Any CPU.Build.0 = Release|Any CPU
		{856CA4CD-2F79-4757-89AF-F7B84DA482D5}.Debug|Any CPU.ActiveCfg = Debug|Any CPU
		{856CA4CD-2F79-4757-89AF-F7B84DA482D5}.Debug|Any CPU.Build.0 = Debug|Any CPU
		{856CA4CD-2F79-4757-89AF-F7B84DA482D5}.Release|Any CPU.ActiveCfg = Release|Any CPU
		{856CA4CD-2F79-4757-89AF-F7B84DA482D5}.Release|Any CPU.Build.0 = Release|Any CPU
		{C4CD58AF-6B69-4C2C-9B0F-6180A294D1E1}.Debug|Any CPU.ActiveCfg = Debug|Any CPU
		{C4CD58AF-6B69-4C2C-9B0F-6180A294D1E1}.Debug|Any CPU.Build.0 = Debug|Any CPU
		{C4CD58AF-6B69-4C2C-9B0F-6180A294D1E1}.Release|Any CPU.ActiveCfg = Release|Any CPU
		{C4CD58AF-6B69-4C2C-9B0F-6180A294D1E1}.Release|Any CPU.Build.0 = Release|Any CPU
		{77603E39-3B55-490C-9F03-3573A03E4AA8}.Debug|Any CPU.ActiveCfg = Debug|Any CPU
		{77603E39-3B55-490C-9F03-3573A03E4AA8}.Debug|Any CPU.Build.0 = Debug|Any CPU
		{77603E39-3B55-490C-9F03-3573A03E4AA8}.Release|Any CPU.ActiveCfg = Release|Any CPU
		{77603E39-3B55-490C-9F03-3573A03E4AA8}.Release|Any CPU.Build.0 = Release|Any CPU
		{6358624B-F091-4F39-B10A-F0022FE252C2}.Debug|Any CPU.ActiveCfg = Debug|Any CPU
		{6358624B-F091-4F39-B10A-F0022FE252C2}.Debug|Any CPU.Build.0 = Debug|Any CPU
		{6358624B-F091-4F39-B10A-F0022FE252C2}.Release|Any CPU.ActiveCfg = Release|Any CPU
		{6358624B-F091-4F39-B10A-F0022FE252C2}.Release|Any CPU.Build.0 = Release|Any CPU
		{EAEA22B0-40F3-4BCE-AB71-37E17142DD11}.Debug|Any CPU.ActiveCfg = Debug|Any CPU
		{EAEA22B0-40F3-4BCE-AB71-37E17142DD11}.Debug|Any CPU.Build.0 = Debug|Any CPU
		{EAEA22B0-40F3-4BCE-AB71-37E17142DD11}.Release|Any CPU.ActiveCfg = Release|Any CPU
		{EAEA22B0-40F3-4BCE-AB71-37E17142DD11}.Release|Any CPU.Build.0 = Release|Any CPU
	EndGlobalSection
	GlobalSection(SolutionProperties) = preSolution
		HideSolutionNode = FALSE
	EndGlobalSection
EndGlobal
