
Microsoft Visual Studio Solution File, Format Version 12.00
# Visual Studio 14
VisualStudioVersion = 14.0.25420.1
MinimumVisualStudioVersion = 10.0.40219.1
Project("{FAE04EC0-301F-11D3-BF4B-00C04F79EFBC}") = "PlayAround", "PlayAround\PlayAround.csproj", "{55E1C0AE-2F65-4083-8652-75E89D4EB05B}"
EndProject
Project("{FAE04EC0-301F-11D3-BF4B-00C04F79EFBC}") = "Reflection", "Reflection\Reflection.csproj", "{6F1AF873-CF88-4F80-AC09-10503FAFB896}"
EndProject
Project("{FAE04EC0-301F-11D3-BF4B-00C04F79EFBC}") = "Delegates", "Delegates\Delegates.csproj", "{BC5CA615-9A0D-4E7D-A34E-C684D0C9C64C}"
EndProject
Project("{FAE04EC0-301F-11D3-BF4B-00C04F79EFBC}") = "DelegatesTwo", "DelegatesTwo\DelegatesTwo.csproj", "{75707791-6215-4175-8611-7CC0A7B4C458}"
EndProject
Project("{FAE04EC0-301F-11D3-BF4B-00C04F79EFBC}") = "AnomMethodsLambda", "AnomMethodsLambda\AnomMethodsLambda.csproj", "{B4F33504-D80B-4E11-87C8-1E496684BA6F}"
EndProject
Project("{FAE04EC0-301F-11D3-BF4B-00C04F79EFBC}") = "Events", "Events\Events.csproj", "{9E16A099-6DB2-4BD4-B8F0-EB3CF24AC395}"
EndProject
Project("{FAE04EC0-301F-11D3-BF4B-00C04F79EFBC}") = "ExtensionMethods", "ExtensionMethods\ExtensionMethods.csproj", "{573A7AF5-D779-411C-B70E-C857BD1C6AA7}"
EndProject
Global
	GlobalSection(SolutionConfigurationPlatforms) = preSolution
		Debug|Any CPU = Debug|Any CPU
		Release|Any CPU = Release|Any CPU
	EndGlobalSection
	GlobalSection(ProjectConfigurationPlatforms) = postSolution
		{55E1C0AE-2F65-4083-8652-75E89D4EB05B}.Debug|Any CPU.ActiveCfg = Debug|Any CPU
		{55E1C0AE-2F65-4083-8652-75E89D4EB05B}.Debug|Any CPU.Build.0 = Debug|Any CPU
		{55E1C0AE-2F65-4083-8652-75E89D4EB05B}.Release|Any CPU.ActiveCfg = Release|Any CPU
		{55E1C0AE-2F65-4083-8652-75E89D4EB05B}.Release|Any CPU.Build.0 = Release|Any CPU
		{6F1AF873-CF88-4F80-AC09-10503FAFB896}.Debug|Any CPU.ActiveCfg = Debug|Any CPU
		{6F1AF873-CF88-4F80-AC09-10503FAFB896}.Debug|Any CPU.Build.0 = Debug|Any CPU
		{6F1AF873-CF88-4F80-AC09-10503FAFB896}.Release|Any CPU.ActiveCfg = Release|Any CPU
		{6F1AF873-CF88-4F80-AC09-10503FAFB896}.Release|Any CPU.Build.0 = Release|Any CPU
		{BC5CA615-9A0D-4E7D-A34E-C684D0C9C64C}.Debug|Any CPU.ActiveCfg = Debug|Any CPU
		{BC5CA615-9A0D-4E7D-A34E-C684D0C9C64C}.Debug|Any CPU.Build.0 = Debug|Any CPU
		{BC5CA615-9A0D-4E7D-A34E-C684D0C9C64C}.Release|Any CPU.ActiveCfg = Release|Any CPU
		{BC5CA615-9A0D-4E7D-A34E-C684D0C9C64C}.Release|Any CPU.Build.0 = Release|Any CPU
		{75707791-6215-4175-8611-7CC0A7B4C458}.Debug|Any CPU.ActiveCfg = Debug|Any CPU
		{75707791-6215-4175-8611-7CC0A7B4C458}.Debug|Any CPU.Build.0 = Debug|Any CPU
		{75707791-6215-4175-8611-7CC0A7B4C458}.Release|Any CPU.ActiveCfg = Release|Any CPU
		{75707791-6215-4175-8611-7CC0A7B4C458}.Release|Any CPU.Build.0 = Release|Any CPU
		{B4F33504-D80B-4E11-87C8-1E496684BA6F}.Debug|Any CPU.ActiveCfg = Debug|Any CPU
		{B4F33504-D80B-4E11-87C8-1E496684BA6F}.Debug|Any CPU.Build.0 = Debug|Any CPU
		{B4F33504-D80B-4E11-87C8-1E496684BA6F}.Release|Any CPU.ActiveCfg = Release|Any CPU
		{B4F33504-D80B-4E11-87C8-1E496684BA6F}.Release|Any CPU.Build.0 = Release|Any CPU
		{9E16A099-6DB2-4BD4-B8F0-EB3CF24AC395}.Debug|Any CPU.ActiveCfg = Debug|Any CPU
		{9E16A099-6DB2-4BD4-B8F0-EB3CF24AC395}.Debug|Any CPU.Build.0 = Debug|Any CPU
		{9E16A099-6DB2-4BD4-B8F0-EB3CF24AC395}.Release|Any CPU.ActiveCfg = Release|Any CPU
		{9E16A099-6DB2-4BD4-B8F0-EB3CF24AC395}.Release|Any CPU.Build.0 = Release|Any CPU
		{573A7AF5-D779-411C-B70E-C857BD1C6AA7}.Debug|Any CPU.ActiveCfg = Debug|Any CPU
		{573A7AF5-D779-411C-B70E-C857BD1C6AA7}.Debug|Any CPU.Build.0 = Debug|Any CPU
		{573A7AF5-D779-411C-B70E-C857BD1C6AA7}.Release|Any CPU.ActiveCfg = Release|Any CPU
		{573A7AF5-D779-411C-B70E-C857BD1C6AA7}.Release|Any CPU.Build.0 = Release|Any CPU
	EndGlobalSection
	GlobalSection(SolutionProperties) = preSolution
		HideSolutionNode = FALSE
	EndGlobalSection
EndGlobal
