
Microsoft Visual Studio Solution File, Format Version 12.00
# Visual Studio 15
VisualStudioVersion = 15.0.26730.16
MinimumVisualStudioVersion = 10.0.40219.1
Project("{FAE04EC0-301F-11D3-BF4B-00C04F79EFBC}") = "PlayAround", "PlayAround\PlayAround.csproj", "{B003A9CB-6864-440A-9F35-F2EA0390C66A}"
EndProject
Global
	GlobalSection(SolutionConfigurationPlatforms) = preSolution
		Debug|Any CPU = Debug|Any CPU
		Release|Any CPU = Release|Any CPU
	EndGlobalSection
	GlobalSection(ProjectConfigurationPlatforms) = postSolution
		{B003A9CB-6864-440A-9F35-F2EA0390C66A}.Debug|Any CPU.ActiveCfg = Debug|Any CPU
		{B003A9CB-6864-440A-9F35-F2EA0390C66A}.Debug|Any CPU.Build.0 = Debug|Any CPU
		{B003A9CB-6864-440A-9F35-F2EA0390C66A}.Release|Any CPU.ActiveCfg = Release|Any CPU
		{B003A9CB-6864-440A-9F35-F2EA0390C66A}.Release|Any CPU.Build.0 = Release|Any CPU
	EndGlobalSection
	GlobalSection(SolutionProperties) = preSolution
		HideSolutionNode = FALSE
	EndGlobalSection
	GlobalSection(ExtensibilityGlobals) = postSolution
		SolutionGuid = {C28623A1-BF11-4445-9FE5-9151A48289A3}
	EndGlobalSection
EndGlobal
