
Microsoft Visual Studio Solution File, Format Version 12.00
# Visual Studio 14
VisualStudioVersion = 14.0.25420.1
MinimumVisualStudioVersion = 10.0.40219.1
Project("{FAE04EC0-301F-11D3-BF4B-00C04F79EFBC}") = "MemCalculator", "MemCalculator\MemCalculator.csproj", "{479AF652-C956-4F18-BA93-F7435CAA55FF}"
EndProject
Project("{FAE04EC0-301F-11D3-BF4B-00C04F79EFBC}") = "MemCalculatorTest", "MemCalculatorTest\MemCalculatorTest.csproj", "{51536A81-AC6C-488F-9303-43AD8CD78E22}"
EndProject
Global
	GlobalSection(SolutionConfigurationPlatforms) = preSolution
		Debug|Any CPU = Debug|Any CPU
		Release|Any CPU = Release|Any CPU
	EndGlobalSection
	GlobalSection(ProjectConfigurationPlatforms) = postSolution
		{479AF652-C956-4F18-BA93-F7435CAA55FF}.Debug|Any CPU.ActiveCfg = Debug|Any CPU
		{479AF652-C956-4F18-BA93-F7435CAA55FF}.Debug|Any CPU.Build.0 = Debug|Any CPU
		{479AF652-C956-4F18-BA93-F7435CAA55FF}.Release|Any CPU.ActiveCfg = Release|Any CPU
		{479AF652-C956-4F18-BA93-F7435CAA55FF}.Release|Any CPU.Build.0 = Release|Any CPU
		{51536A81-AC6C-488F-9303-43AD8CD78E22}.Debug|Any CPU.ActiveCfg = Debug|Any CPU
		{51536A81-AC6C-488F-9303-43AD8CD78E22}.Debug|Any CPU.Build.0 = Debug|Any CPU
		{51536A81-AC6C-488F-9303-43AD8CD78E22}.Release|Any CPU.ActiveCfg = Release|Any CPU
		{51536A81-AC6C-488F-9303-43AD8CD78E22}.Release|Any CPU.Build.0 = Release|Any CPU
	EndGlobalSection
	GlobalSection(SolutionProperties) = preSolution
		HideSolutionNode = FALSE
	EndGlobalSection
EndGlobal
