
Microsoft Visual Studio Solution File, Format Version 12.00
# Visual Studio 14
VisualStudioVersion = 14.0.25420.1
MinimumVisualStudioVersion = 10.0.40219.1
Project("{FAE04EC0-301F-11D3-BF4B-00C04F79EFBC}") = "Playground", "Playground\Playground.csproj", "{2520F77B-D6BE-49E6-8E21-A743DD39E34E}"
EndProject
Project("{FAE04EC0-301F-11D3-BF4B-00C04F79EFBC}") = "PlaygroundTests", "PlaygroundTests\PlaygroundTests.csproj", "{CC1582CB-F5AF-44E7-9619-CF39C363FB4F}"
EndProject
Project("{FAE04EC0-301F-11D3-BF4B-00C04F79EFBC}") = "StaticClassDependencyInversion", "StaticClassDependencyInversion\StaticClassDependencyInversion.csproj", "{AEC2E807-2118-407C-8B6C-5BD80DB40151}"
EndProject
Project("{FAE04EC0-301F-11D3-BF4B-00C04F79EFBC}") = "AssertPlay", "AssertPlay\AssertPlay.csproj", "{71E7E754-3419-4766-BAA4-D64ADA48145C}"
EndProject
Project("{FAE04EC0-301F-11D3-BF4B-00C04F79EFBC}") = "LatinStuff", "LatinStuff\LatinStuff.csproj", "{01C0BB67-1D44-40D5-BD24-EF3DB5CF582E}"
EndProject
Global
	GlobalSection(SolutionConfigurationPlatforms) = preSolution
		Debug|Any CPU = Debug|Any CPU
		Release|Any CPU = Release|Any CPU
	EndGlobalSection
	GlobalSection(ProjectConfigurationPlatforms) = postSolution
		{2520F77B-D6BE-49E6-8E21-A743DD39E34E}.Debug|Any CPU.ActiveCfg = Debug|Any CPU
		{2520F77B-D6BE-49E6-8E21-A743DD39E34E}.Debug|Any CPU.Build.0 = Debug|Any CPU
		{2520F77B-D6BE-49E6-8E21-A743DD39E34E}.Release|Any CPU.ActiveCfg = Release|Any CPU
		{2520F77B-D6BE-49E6-8E21-A743DD39E34E}.Release|Any CPU.Build.0 = Release|Any CPU
		{CC1582CB-F5AF-44E7-9619-CF39C363FB4F}.Debug|Any CPU.ActiveCfg = Debug|Any CPU
		{CC1582CB-F5AF-44E7-9619-CF39C363FB4F}.Debug|Any CPU.Build.0 = Debug|Any CPU
		{CC1582CB-F5AF-44E7-9619-CF39C363FB4F}.Release|Any CPU.ActiveCfg = Release|Any CPU
		{CC1582CB-F5AF-44E7-9619-CF39C363FB4F}.Release|Any CPU.Build.0 = Release|Any CPU
		{AEC2E807-2118-407C-8B6C-5BD80DB40151}.Debug|Any CPU.ActiveCfg = Debug|Any CPU
		{AEC2E807-2118-407C-8B6C-5BD80DB40151}.Debug|Any CPU.Build.0 = Debug|Any CPU
		{AEC2E807-2118-407C-8B6C-5BD80DB40151}.Release|Any CPU.ActiveCfg = Release|Any CPU
		{AEC2E807-2118-407C-8B6C-5BD80DB40151}.Release|Any CPU.Build.0 = Release|Any CPU
		{71E7E754-3419-4766-BAA4-D64ADA48145C}.Debug|Any CPU.ActiveCfg = Debug|Any CPU
		{71E7E754-3419-4766-BAA4-D64ADA48145C}.Debug|Any CPU.Build.0 = Debug|Any CPU
		{71E7E754-3419-4766-BAA4-D64ADA48145C}.Release|Any CPU.ActiveCfg = Release|Any CPU
		{71E7E754-3419-4766-BAA4-D64ADA48145C}.Release|Any CPU.Build.0 = Release|Any CPU
		{01C0BB67-1D44-40D5-BD24-EF3DB5CF582E}.Debug|Any CPU.ActiveCfg = Debug|Any CPU
		{01C0BB67-1D44-40D5-BD24-EF3DB5CF582E}.Debug|Any CPU.Build.0 = Debug|Any CPU
		{01C0BB67-1D44-40D5-BD24-EF3DB5CF582E}.Release|Any CPU.ActiveCfg = Release|Any CPU
		{01C0BB67-1D44-40D5-BD24-EF3DB5CF582E}.Release|Any CPU.Build.0 = Release|Any CPU
	EndGlobalSection
	GlobalSection(SolutionProperties) = preSolution
		HideSolutionNode = FALSE
	EndGlobalSection
EndGlobal
