
Microsoft Visual Studio Solution File, Format Version 12.00
# Visual Studio 14
VisualStudioVersion = 14.0.25420.1
MinimumVisualStudioVersion = 10.0.40219.1
Project("{FAE04EC0-301F-11D3-BF4B-00C04F79EFBC}") = "ExtensionMethods", "Init\ExtensionMethods.csproj", "{4D2306A3-B055-4C93-A750-5D60F2FD1879}"
EndProject
Project("{FAE04EC0-301F-11D3-BF4B-00C04F79EFBC}") = "AnomTypes", "AnomTypes\AnomTypes.csproj", "{795E9D06-787D-4405-BCEE-4E55425BF83D}"
EndProject
Global
	GlobalSection(SolutionConfigurationPlatforms) = preSolution
		Debug|Any CPU = Debug|Any CPU
		Release|Any CPU = Release|Any CPU
	EndGlobalSection
	GlobalSection(ProjectConfigurationPlatforms) = postSolution
		{4D2306A3-B055-4C93-A750-5D60F2FD1879}.Debug|Any CPU.ActiveCfg = Debug|Any CPU
		{4D2306A3-B055-4C93-A750-5D60F2FD1879}.Debug|Any CPU.Build.0 = Debug|Any CPU
		{4D2306A3-B055-4C93-A750-5D60F2FD1879}.Release|Any CPU.ActiveCfg = Release|Any CPU
		{4D2306A3-B055-4C93-A750-5D60F2FD1879}.Release|Any CPU.Build.0 = Release|Any CPU
		{795E9D06-787D-4405-BCEE-4E55425BF83D}.Debug|Any CPU.ActiveCfg = Debug|Any CPU
		{795E9D06-787D-4405-BCEE-4E55425BF83D}.Debug|Any CPU.Build.0 = Debug|Any CPU
		{795E9D06-787D-4405-BCEE-4E55425BF83D}.Release|Any CPU.ActiveCfg = Release|Any CPU
		{795E9D06-787D-4405-BCEE-4E55425BF83D}.Release|Any CPU.Build.0 = Release|Any CPU
	EndGlobalSection
	GlobalSection(SolutionProperties) = preSolution
		HideSolutionNode = FALSE
	EndGlobalSection
EndGlobal
