
Microsoft Visual Studio Solution File, Format Version 12.00
# Visual Studio 15
VisualStudioVersion = 15.0.26430.6
MinimumVisualStudioVersion = 10.0.40219.1
Project("{FAE04EC0-301F-11D3-BF4B-00C04F79EFBC}") = "PTraining.ConsoleClient", "PTraining.ConsoleClient\PTraining.ConsoleClient.csproj", "{ACBDE59C-9B64-4016-92B3-21D2216A3831}"
EndProject
Project("{FAE04EC0-301F-11D3-BF4B-00C04F79EFBC}") = "PTraining.Data", "PTraining.Data\PTraining.Data.csproj", "{56B17526-E057-483F-886E-6E8E0CD4559D}"
EndProject
Project("{FAE04EC0-301F-11D3-BF4B-00C04F79EFBC}") = "PTraining.Models", "PTraining.Models\PTraining.Models.csproj", "{56CDFC4B-F40A-4EB1-BFA2-940C9809968F}"
EndProject
Global
	GlobalSection(SolutionConfigurationPlatforms) = preSolution
		Debug|Any CPU = Debug|Any CPU
		Release|Any CPU = Release|Any CPU
	EndGlobalSection
	GlobalSection(ProjectConfigurationPlatforms) = postSolution
		{ACBDE59C-9B64-4016-92B3-21D2216A3831}.Debug|Any CPU.ActiveCfg = Debug|Any CPU
		{ACBDE59C-9B64-4016-92B3-21D2216A3831}.Debug|Any CPU.Build.0 = Debug|Any CPU
		{ACBDE59C-9B64-4016-92B3-21D2216A3831}.Release|Any CPU.ActiveCfg = Release|Any CPU
		{ACBDE59C-9B64-4016-92B3-21D2216A3831}.Release|Any CPU.Build.0 = Release|Any CPU
		{56B17526-E057-483F-886E-6E8E0CD4559D}.Debug|Any CPU.ActiveCfg = Debug|Any CPU
		{56B17526-E057-483F-886E-6E8E0CD4559D}.Debug|Any CPU.Build.0 = Debug|Any CPU
		{56B17526-E057-483F-886E-6E8E0CD4559D}.Release|Any CPU.ActiveCfg = Release|Any CPU
		{56B17526-E057-483F-886E-6E8E0CD4559D}.Release|Any CPU.Build.0 = Release|Any CPU
		{56CDFC4B-F40A-4EB1-BFA2-940C9809968F}.Debug|Any CPU.ActiveCfg = Debug|Any CPU
		{56CDFC4B-F40A-4EB1-BFA2-940C9809968F}.Debug|Any CPU.Build.0 = Debug|Any CPU
		{56CDFC4B-F40A-4EB1-BFA2-940C9809968F}.Release|Any CPU.ActiveCfg = Release|Any CPU
		{56CDFC4B-F40A-4EB1-BFA2-940C9809968F}.Release|Any CPU.Build.0 = Release|Any CPU
	EndGlobalSection
	GlobalSection(SolutionProperties) = preSolution
		HideSolutionNode = FALSE
	EndGlobalSection
EndGlobal
