
Microsoft Visual Studio Solution File, Format Version 12.00
# Visual Studio 14
VisualStudioVersion = 14.0.25420.1
MinimumVisualStudioVersion = 10.0.40219.1
Project("{FAE04EC0-301F-11D3-BF4B-00C04F79EFBC}") = "Structures", "Structures\Structures.csproj", "{42F41890-1AF4-4B26-8AB0-524779782C32}"
EndProject
Project("{FAE04EC0-301F-11D3-BF4B-00C04F79EFBC}") = "Algorithms", "Algorithms\Algorithms.csproj", "{5C1709D1-10C7-45DA-BF14-F9905D8F5946}"
EndProject
Global
	GlobalSection(SolutionConfigurationPlatforms) = preSolution
		Debug|Any CPU = Debug|Any CPU
		Release|Any CPU = Release|Any CPU
	EndGlobalSection
	GlobalSection(ProjectConfigurationPlatforms) = postSolution
		{42F41890-1AF4-4B26-8AB0-524779782C32}.Debug|Any CPU.ActiveCfg = Debug|Any CPU
		{42F41890-1AF4-4B26-8AB0-524779782C32}.Debug|Any CPU.Build.0 = Debug|Any CPU
		{42F41890-1AF4-4B26-8AB0-524779782C32}.Release|Any CPU.ActiveCfg = Release|Any CPU
		{42F41890-1AF4-4B26-8AB0-524779782C32}.Release|Any CPU.Build.0 = Release|Any CPU
		{5C1709D1-10C7-45DA-BF14-F9905D8F5946}.Debug|Any CPU.ActiveCfg = Debug|Any CPU
		{5C1709D1-10C7-45DA-BF14-F9905D8F5946}.Debug|Any CPU.Build.0 = Debug|Any CPU
		{5C1709D1-10C7-45DA-BF14-F9905D8F5946}.Release|Any CPU.ActiveCfg = Release|Any CPU
		{5C1709D1-10C7-45DA-BF14-F9905D8F5946}.Release|Any CPU.Build.0 = Release|Any CPU
	EndGlobalSection
	GlobalSection(SolutionProperties) = preSolution
		HideSolutionNode = FALSE
	EndGlobalSection
EndGlobal
