
Microsoft Visual Studio Solution File, Format Version 12.00
# Visual Studio 14
VisualStudioVersion = 14.0.25420.1
MinimumVisualStudioVersion = 10.0.40219.1
Project("{FAE04EC0-301F-11D3-BF4B-00C04F79EFBC}") = "Task1", "Task1\Task1.csproj", "{541C5CB8-4F50-4C41-8213-56A7C67A9A56}"
EndProject
Project("{FAE04EC0-301F-11D3-BF4B-00C04F79EFBC}") = "Task2", "Task2\Task2.csproj", "{8ACF4476-FDA4-4A96-9E76-47FAA3C2FDFB}"
EndProject
Project("{FAE04EC0-301F-11D3-BF4B-00C04F79EFBC}") = "Task3", "Task3\Task3.csproj", "{F76702A0-EA61-427E-B39B-44EA42541314}"
EndProject
Project("{FAE04EC0-301F-11D3-BF4B-00C04F79EFBC}") = "Task4", "Task4\Task4.csproj", "{0D3C114C-D47D-46E4-B72B-6501CE0C72CE}"
EndProject
Project("{FAE04EC0-301F-11D3-BF4B-00C04F79EFBC}") = "Task5", "Task5\Task5.csproj", "{3BA7A2F0-9F03-4A88-B1E2-6E6EB49E4A00}"
EndProject
Project("{FAE04EC0-301F-11D3-BF4B-00C04F79EFBC}") = "Task6", "Task6\Task6.csproj", "{34CD1784-F630-4A08-BBFD-040C784D9993}"
EndProject
Project("{FAE04EC0-301F-11D3-BF4B-00C04F79EFBC}") = "Task7", "Task7\Task7.csproj", "{9FDC24F0-AA41-4C06-90E5-33B207AAD239}"
EndProject
Global
	GlobalSection(SolutionConfigurationPlatforms) = preSolution
		Debug|Any CPU = Debug|Any CPU
		Release|Any CPU = Release|Any CPU
	EndGlobalSection
	GlobalSection(ProjectConfigurationPlatforms) = postSolution
		{541C5CB8-4F50-4C41-8213-56A7C67A9A56}.Debug|Any CPU.ActiveCfg = Debug|Any CPU
		{541C5CB8-4F50-4C41-8213-56A7C67A9A56}.Debug|Any CPU.Build.0 = Debug|Any CPU
		{541C5CB8-4F50-4C41-8213-56A7C67A9A56}.Release|Any CPU.ActiveCfg = Release|Any CPU
		{541C5CB8-4F50-4C41-8213-56A7C67A9A56}.Release|Any CPU.Build.0 = Release|Any CPU
		{8ACF4476-FDA4-4A96-9E76-47FAA3C2FDFB}.Debug|Any CPU.ActiveCfg = Debug|Any CPU
		{8ACF4476-FDA4-4A96-9E76-47FAA3C2FDFB}.Debug|Any CPU.Build.0 = Debug|Any CPU
		{8ACF4476-FDA4-4A96-9E76-47FAA3C2FDFB}.Release|Any CPU.ActiveCfg = Release|Any CPU
		{8ACF4476-FDA4-4A96-9E76-47FAA3C2FDFB}.Release|Any CPU.Build.0 = Release|Any CPU
		{F76702A0-EA61-427E-B39B-44EA42541314}.Debug|Any CPU.ActiveCfg = Debug|Any CPU
		{F76702A0-EA61-427E-B39B-44EA42541314}.Debug|Any CPU.Build.0 = Debug|Any CPU
		{F76702A0-EA61-427E-B39B-44EA42541314}.Release|Any CPU.ActiveCfg = Release|Any CPU
		{F76702A0-EA61-427E-B39B-44EA42541314}.Release|Any CPU.Build.0 = Release|Any CPU
		{0D3C114C-D47D-46E4-B72B-6501CE0C72CE}.Debug|Any CPU.ActiveCfg = Debug|Any CPU
		{0D3C114C-D47D-46E4-B72B-6501CE0C72CE}.Debug|Any CPU.Build.0 = Debug|Any CPU
		{0D3C114C-D47D-46E4-B72B-6501CE0C72CE}.Release|Any CPU.ActiveCfg = Release|Any CPU
		{0D3C114C-D47D-46E4-B72B-6501CE0C72CE}.Release|Any CPU.Build.0 = Release|Any CPU
		{3BA7A2F0-9F03-4A88-B1E2-6E6EB49E4A00}.Debug|Any CPU.ActiveCfg = Debug|Any CPU
		{3BA7A2F0-9F03-4A88-B1E2-6E6EB49E4A00}.Debug|Any CPU.Build.0 = Debug|Any CPU
		{3BA7A2F0-9F03-4A88-B1E2-6E6EB49E4A00}.Release|Any CPU.ActiveCfg = Release|Any CPU
		{3BA7A2F0-9F03-4A88-B1E2-6E6EB49E4A00}.Release|Any CPU.Build.0 = Release|Any CPU
		{34CD1784-F630-4A08-BBFD-040C784D9993}.Debug|Any CPU.ActiveCfg = Debug|Any CPU
		{34CD1784-F630-4A08-BBFD-040C784D9993}.Debug|Any CPU.Build.0 = Debug|Any CPU
		{34CD1784-F630-4A08-BBFD-040C784D9993}.Release|Any CPU.ActiveCfg = Release|Any CPU
		{34CD1784-F630-4A08-BBFD-040C784D9993}.Release|Any CPU.Build.0 = Release|Any CPU
		{9FDC24F0-AA41-4C06-90E5-33B207AAD239}.Debug|Any CPU.ActiveCfg = Debug|Any CPU
		{9FDC24F0-AA41-4C06-90E5-33B207AAD239}.Debug|Any CPU.Build.0 = Debug|Any CPU
		{9FDC24F0-AA41-4C06-90E5-33B207AAD239}.Release|Any CPU.ActiveCfg = Release|Any CPU
		{9FDC24F0-AA41-4C06-90E5-33B207AAD239}.Release|Any CPU.Build.0 = Release|Any CPU
	EndGlobalSection
	GlobalSection(SolutionProperties) = preSolution
		HideSolutionNode = FALSE
	EndGlobalSection
EndGlobal
