
Microsoft Visual Studio Solution File, Format Version 12.00
# Visual Studio 14
VisualStudioVersion = 14.0.25420.1
MinimumVisualStudioVersion = 10.0.40219.1
Project("{FAE04EC0-301F-11D3-BF4B-00C04F79EFBC}") = "ActivitySelection", "Exercises\ActivitySelection.csproj", "{F8C8EE58-BD7F-44E3-85D5-0AB455250705}"
EndProject
Project("{FAE04EC0-301F-11D3-BF4B-00C04F79EFBC}") = "EgyptianFraction", "EgyptianFraction\EgyptianFraction.csproj", "{3497D8D3-B3BA-4306-A7A7-1BFB94315EEA}"
EndProject
Project("{FAE04EC0-301F-11D3-BF4B-00C04F79EFBC}") = "JobSequencing", "JobSequencing\JobSequencing.csproj", "{C4E2A5FA-6ECB-4C26-B4FB-C6E5AAFB339E}"
EndProject
Project("{FAE04EC0-301F-11D3-BF4B-00C04F79EFBC}") = "HuffmanCoding", "HuffmanCoding\HuffmanCoding.csproj", "{5059A610-D84F-4180-B365-208457981EBB}"
EndProject
Project("{FAE04EC0-301F-11D3-BF4B-00C04F79EFBC}") = "EfficientHuffmanCodingSortedInput", "EfficientHuffmanCodingSortedInput\EfficientHuffmanCodingSortedInput.csproj", "{2F1601B9-BC4D-4DBF-83CE-4957974B2D68}"
EndProject
Project("{FAE04EC0-301F-11D3-BF4B-00C04F79EFBC}") = "wtf", "wtf\wtf.csproj", "{89DC666A-B162-43D8-958A-9A42BF8AD634}"
EndProject
Global
	GlobalSection(SolutionConfigurationPlatforms) = preSolution
		Debug|Any CPU = Debug|Any CPU
		Release|Any CPU = Release|Any CPU
	EndGlobalSection
	GlobalSection(ProjectConfigurationPlatforms) = postSolution
		{F8C8EE58-BD7F-44E3-85D5-0AB455250705}.Debug|Any CPU.ActiveCfg = Debug|Any CPU
		{F8C8EE58-BD7F-44E3-85D5-0AB455250705}.Debug|Any CPU.Build.0 = Debug|Any CPU
		{F8C8EE58-BD7F-44E3-85D5-0AB455250705}.Release|Any CPU.ActiveCfg = Release|Any CPU
		{F8C8EE58-BD7F-44E3-85D5-0AB455250705}.Release|Any CPU.Build.0 = Release|Any CPU
		{3497D8D3-B3BA-4306-A7A7-1BFB94315EEA}.Debug|Any CPU.ActiveCfg = Debug|Any CPU
		{3497D8D3-B3BA-4306-A7A7-1BFB94315EEA}.Debug|Any CPU.Build.0 = Debug|Any CPU
		{3497D8D3-B3BA-4306-A7A7-1BFB94315EEA}.Release|Any CPU.ActiveCfg = Release|Any CPU
		{3497D8D3-B3BA-4306-A7A7-1BFB94315EEA}.Release|Any CPU.Build.0 = Release|Any CPU
		{C4E2A5FA-6ECB-4C26-B4FB-C6E5AAFB339E}.Debug|Any CPU.ActiveCfg = Debug|Any CPU
		{C4E2A5FA-6ECB-4C26-B4FB-C6E5AAFB339E}.Debug|Any CPU.Build.0 = Debug|Any CPU
		{C4E2A5FA-6ECB-4C26-B4FB-C6E5AAFB339E}.Release|Any CPU.ActiveCfg = Release|Any CPU
		{C4E2A5FA-6ECB-4C26-B4FB-C6E5AAFB339E}.Release|Any CPU.Build.0 = Release|Any CPU
		{5059A610-D84F-4180-B365-208457981EBB}.Debug|Any CPU.ActiveCfg = Debug|Any CPU
		{5059A610-D84F-4180-B365-208457981EBB}.Debug|Any CPU.Build.0 = Debug|Any CPU
		{5059A610-D84F-4180-B365-208457981EBB}.Release|Any CPU.ActiveCfg = Release|Any CPU
		{5059A610-D84F-4180-B365-208457981EBB}.Release|Any CPU.Build.0 = Release|Any CPU
		{2F1601B9-BC4D-4DBF-83CE-4957974B2D68}.Debug|Any CPU.ActiveCfg = Debug|Any CPU
		{2F1601B9-BC4D-4DBF-83CE-4957974B2D68}.Debug|Any CPU.Build.0 = Debug|Any CPU
		{2F1601B9-BC4D-4DBF-83CE-4957974B2D68}.Release|Any CPU.ActiveCfg = Release|Any CPU
		{2F1601B9-BC4D-4DBF-83CE-4957974B2D68}.Release|Any CPU.Build.0 = Release|Any CPU
		{89DC666A-B162-43D8-958A-9A42BF8AD634}.Debug|Any CPU.ActiveCfg = Debug|Any CPU
		{89DC666A-B162-43D8-958A-9A42BF8AD634}.Debug|Any CPU.Build.0 = Debug|Any CPU
		{89DC666A-B162-43D8-958A-9A42BF8AD634}.Release|Any CPU.ActiveCfg = Release|Any CPU
		{89DC666A-B162-43D8-958A-9A42BF8AD634}.Release|Any CPU.Build.0 = Release|Any CPU
	EndGlobalSection
	GlobalSection(SolutionProperties) = preSolution
		HideSolutionNode = FALSE
	EndGlobalSection
EndGlobal
