
Microsoft Visual Studio Solution File, Format Version 12.00
# Visual Studio 14
VisualStudioVersion = 14.0.25420.1
MinimumVisualStudioVersion = 10.0.40219.1
Project("{FAE04EC0-301F-11D3-BF4B-00C04F79EFBC}") = "Training.Launch", "Training.Launch\Training.Launch.csproj", "{32DC95CB-853A-433C-9A6C-3AF9930BAA7F}"
EndProject
Project("{FAE04EC0-301F-11D3-BF4B-00C04F79EFBC}") = "ChainOfResponsibility", "ChainOfResponsibility\ChainOfResponsibility.csproj", "{4C19721C-2CBD-4CA8-AE66-604AA7AD7BFC}"
EndProject
Global
	GlobalSection(SolutionConfigurationPlatforms) = preSolution
		Debug|Any CPU = Debug|Any CPU
		Release|Any CPU = Release|Any CPU
	EndGlobalSection
	GlobalSection(ProjectConfigurationPlatforms) = postSolution
		{32DC95CB-853A-433C-9A6C-3AF9930BAA7F}.Debug|Any CPU.ActiveCfg = Debug|Any CPU
		{32DC95CB-853A-433C-9A6C-3AF9930BAA7F}.Debug|Any CPU.Build.0 = Debug|Any CPU
		{32DC95CB-853A-433C-9A6C-3AF9930BAA7F}.Release|Any CPU.ActiveCfg = Release|Any CPU
		{32DC95CB-853A-433C-9A6C-3AF9930BAA7F}.Release|Any CPU.Build.0 = Release|Any CPU
		{4C19721C-2CBD-4CA8-AE66-604AA7AD7BFC}.Debug|Any CPU.ActiveCfg = Debug|Any CPU
		{4C19721C-2CBD-4CA8-AE66-604AA7AD7BFC}.Debug|Any CPU.Build.0 = Debug|Any CPU
		{4C19721C-2CBD-4CA8-AE66-604AA7AD7BFC}.Release|Any CPU.ActiveCfg = Release|Any CPU
		{4C19721C-2CBD-4CA8-AE66-604AA7AD7BFC}.Release|Any CPU.Build.0 = Release|Any CPU
	EndGlobalSection
	GlobalSection(SolutionProperties) = preSolution
		HideSolutionNode = FALSE
	EndGlobalSection
EndGlobal
