
Microsoft Visual Studio Solution File, Format Version 12.00
# Visual Studio 14
VisualStudioVersion = 14.0.25420.1
MinimumVisualStudioVersion = 10.0.40219.1
Project("{FAE04EC0-301F-11D3-BF4B-00C04F79EFBC}") = "ElectricalDeviceManager", "ElectricalDeviceManager\ElectricalDeviceManager.csproj", "{9C7D236C-7D49-4022-8793-5948B202A3F1}"
EndProject
Project("{FAE04EC0-301F-11D3-BF4B-00C04F79EFBC}") = "ElectricalDeviceManager.Interfaces", "ElectricalDeviceManager.Interfaces\ElectricalDeviceManager.Interfaces.csproj", "{E4CAAB89-A302-4627-9D25-7B8AE44622A4}"
EndProject
Project("{FAE04EC0-301F-11D3-BF4B-00C04F79EFBC}") = "ElectricalDeviceManager.Loggers", "ElectricalDeviceManager.Loggers\ElectricalDeviceManager.Loggers.csproj", "{5C484400-F263-4C1B-BD70-7B6FB2E78C5A}"
EndProject
Project("{FAE04EC0-301F-11D3-BF4B-00C04F79EFBC}") = "ElectricalDeviceManager.ElectricalDevices", "ElectricalDeviceManager.ElectricalDevices\ElectricalDeviceManager.ElectricalDevices.csproj", "{6E13DFFA-2527-4943-AF63-B22208BE9F9F}"
EndProject
Global
	GlobalSection(SolutionConfigurationPlatforms) = preSolution
		Debug|Any CPU = Debug|Any CPU
		Release|Any CPU = Release|Any CPU
	EndGlobalSection
	GlobalSection(ProjectConfigurationPlatforms) = postSolution
		{9C7D236C-7D49-4022-8793-5948B202A3F1}.Debug|Any CPU.ActiveCfg = Debug|Any CPU
		{9C7D236C-7D49-4022-8793-5948B202A3F1}.Debug|Any CPU.Build.0 = Debug|Any CPU
		{9C7D236C-7D49-4022-8793-5948B202A3F1}.Release|Any CPU.ActiveCfg = Release|Any CPU
		{9C7D236C-7D49-4022-8793-5948B202A3F1}.Release|Any CPU.Build.0 = Release|Any CPU
		{E4CAAB89-A302-4627-9D25-7B8AE44622A4}.Debug|Any CPU.ActiveCfg = Debug|Any CPU
		{E4CAAB89-A302-4627-9D25-7B8AE44622A4}.Debug|Any CPU.Build.0 = Debug|Any CPU
		{E4CAAB89-A302-4627-9D25-7B8AE44622A4}.Release|Any CPU.ActiveCfg = Release|Any CPU
		{E4CAAB89-A302-4627-9D25-7B8AE44622A4}.Release|Any CPU.Build.0 = Release|Any CPU
		{5C484400-F263-4C1B-BD70-7B6FB2E78C5A}.Debug|Any CPU.ActiveCfg = Debug|Any CPU
		{5C484400-F263-4C1B-BD70-7B6FB2E78C5A}.Debug|Any CPU.Build.0 = Debug|Any CPU
		{5C484400-F263-4C1B-BD70-7B6FB2E78C5A}.Release|Any CPU.ActiveCfg = Release|Any CPU
		{5C484400-F263-4C1B-BD70-7B6FB2E78C5A}.Release|Any CPU.Build.0 = Release|Any CPU
		{6E13DFFA-2527-4943-AF63-B22208BE9F9F}.Debug|Any CPU.ActiveCfg = Debug|Any CPU
		{6E13DFFA-2527-4943-AF63-B22208BE9F9F}.Debug|Any CPU.Build.0 = Debug|Any CPU
		{6E13DFFA-2527-4943-AF63-B22208BE9F9F}.Release|Any CPU.ActiveCfg = Release|Any CPU
		{6E13DFFA-2527-4943-AF63-B22208BE9F9F}.Release|Any CPU.Build.0 = Release|Any CPU
	EndGlobalSection
	GlobalSection(SolutionProperties) = preSolution
		HideSolutionNode = FALSE
	EndGlobalSection
EndGlobal
